Microsoft Visual Studio Solution File, Format Version 12.00
# Visual Studio Version 17
VisualStudioVersion = 17.5.2.0
MinimumVisualStudioVersion = 10.0.40219.1
Project("{FAE04EC0-301F-11D3-BF4B-00C04F79EFBC}") = "GerenciadorDeTarefas", "GerenciadorDeTarefas.csproj", "{1FF1F94E-749E-9276-B218-526D9736E14D}"
EndProject
Global
	GlobalSection(SolutionConfigurationPlatforms) = preSolution
		Debug|Any CPU = Debug|Any CPU
		Release|Any CPU = Release|Any CPU
	EndGlobalSection
	GlobalSection(ProjectConfigurationPlatforms) = postSolution
		{1FF1F94E-749E-9276-B218-526D9736E14D}.Debug|Any CPU.ActiveCfg = Debug|Any CPU
		{1FF1F94E-749E-9276-B218-526D9736E14D}.Debug|Any CPU.Build.0 = Debug|Any CPU
		{1FF1F94E-749E-9276-B218-526D9736E14D}.Release|Any CPU.ActiveCfg = Release|Any CPU
		{1FF1F94E-749E-9276-B218-526D9736E14D}.Release|Any CPU.Build.0 = Release|Any CPU
	EndGlobalSection
	GlobalSection(SolutionProperties) = preSolution
		HideSolutionNode = FALSE
	EndGlobalSection
	GlobalSection(ExtensibilityGlobals) = postSolution
		SolutionGuid = {CD2E486A-A12A-43CC-83F1-E36C71E36B9C}
	EndGlobalSection
EndGlobal
